
Microsoft Visual Studio Solution File, Format Version 12.00
# Visual Studio 15
VisualStudioVersion = 15.0.28307.2017
MinimumVisualStudioVersion = 10.0.40219.1
Project("{2150E333-8FDC-42A3-9474-1A3956D46DE8}") = "BusinessLogicLayer", "BusinessLogicLayer", "{525FE5C0-B976-4439-90D9-6317A78EB6FE}"
EndProject
Project("{2150E333-8FDC-42A3-9474-1A3956D46DE8}") = "Common", "Common", "{5D3DD6B6-FFCF-4C74-9F88-83D67F4F2F88}"
EndProject
Project("{2150E333-8FDC-42A3-9474-1A3956D46DE8}") = "DataAccessLayer", "DataAccessLayer", "{D2583FAA-A594-45F7-89DB-91D6694C978D}"
EndProject
Project("{2150E333-8FDC-42A3-9474-1A3956D46DE8}") = "PresentationLayer", "PresentationLayer", "{D8D8F50C-61EA-43BF-8A15-BA9FF510A71E}"
EndProject
Project("{FAE04EC0-301F-11D3-BF4B-00C04F79EFBC}") = "Note.Model", "Note.Model\Note.Model.csproj", "{7B03D54C-0C06-4087-A0F4-5C5C8C68D4C9}"
EndProject
Project("{FAE04EC0-301F-11D3-BF4B-00C04F79EFBC}") = "Note.IDAL", "Note.IDAL\Note.IDAL.csproj", "{A4BB51D2-5DBD-43B5-B434-F214F9631166}"
EndProject
Project("{FAE04EC0-301F-11D3-BF4B-00C04F79EFBC}") = "Note.DAL", "Note.DAL\Note.DAL.csproj", "{FE4A0126-81BA-4F0C-A682-3BA04F0086C5}"
EndProject
Project("{FAE04EC0-301F-11D3-BF4B-00C04F79EFBC}") = "Note.BLL", "Note.BLL\Note.BLL.csproj", "{13BD922B-5E8D-4247-AD93-C17D7DF72D92}"
EndProject
Project("{FAE04EC0-301F-11D3-BF4B-00C04F79EFBC}") = "Note.MVC6", "Note.MVC6\Note.MVC6.csproj", "{2F8ED4BC-E06F-496F-B09E-82D01D29443B}"
EndProject
Project("{FAE04EC0-301F-11D3-BF4B-00C04F79EFBC}") = "Note.Oracle.DAL", "Note.Oracle.DAL\Note.Oracle.DAL.csproj", "{9E0DEB47-9F72-4843-82B7-D76E7ACF00D2}"
EndProject
Global
	GlobalSection(SolutionConfigurationPlatforms) = preSolution
		Debug|Any CPU = Debug|Any CPU
		Release|Any CPU = Release|Any CPU
	EndGlobalSection
	GlobalSection(ProjectConfigurationPlatforms) = postSolution
		{7B03D54C-0C06-4087-A0F4-5C5C8C68D4C9}.Debug|Any CPU.ActiveCfg = Debug|Any CPU
		{7B03D54C-0C06-4087-A0F4-5C5C8C68D4C9}.Debug|Any CPU.Build.0 = Debug|Any CPU
		{7B03D54C-0C06-4087-A0F4-5C5C8C68D4C9}.Release|Any CPU.ActiveCfg = Release|Any CPU
		{7B03D54C-0C06-4087-A0F4-5C5C8C68D4C9}.Release|Any CPU.Build.0 = Release|Any CPU
		{A4BB51D2-5DBD-43B5-B434-F214F9631166}.Debug|Any CPU.ActiveCfg = Debug|Any CPU
		{A4BB51D2-5DBD-43B5-B434-F214F9631166}.Debug|Any CPU.Build.0 = Debug|Any CPU
		{A4BB51D2-5DBD-43B5-B434-F214F9631166}.Release|Any CPU.ActiveCfg = Release|Any CPU
		{A4BB51D2-5DBD-43B5-B434-F214F9631166}.Release|Any CPU.Build.0 = Release|Any CPU
		{FE4A0126-81BA-4F0C-A682-3BA04F0086C5}.Debug|Any CPU.ActiveCfg = Debug|Any CPU
		{FE4A0126-81BA-4F0C-A682-3BA04F0086C5}.Debug|Any CPU.Build.0 = Debug|Any CPU
		{FE4A0126-81BA-4F0C-A682-3BA04F0086C5}.Release|Any CPU.ActiveCfg = Release|Any CPU
		{FE4A0126-81BA-4F0C-A682-3BA04F0086C5}.Release|Any CPU.Build.0 = Release|Any CPU
		{13BD922B-5E8D-4247-AD93-C17D7DF72D92}.Debug|Any CPU.ActiveCfg = Debug|Any CPU
		{13BD922B-5E8D-4247-AD93-C17D7DF72D92}.Debug|Any CPU.Build.0 = Debug|Any CPU
		{13BD922B-5E8D-4247-AD93-C17D7DF72D92}.Release|Any CPU.ActiveCfg = Release|Any CPU
		{13BD922B-5E8D-4247-AD93-C17D7DF72D92}.Release|Any CPU.Build.0 = Release|Any CPU
		{2F8ED4BC-E06F-496F-B09E-82D01D29443B}.Debug|Any CPU.ActiveCfg = Debug|Any CPU
		{2F8ED4BC-E06F-496F-B09E-82D01D29443B}.Debug|Any CPU.Build.0 = Debug|Any CPU
		{2F8ED4BC-E06F-496F-B09E-82D01D29443B}.Release|Any CPU.ActiveCfg = Release|Any CPU
		{2F8ED4BC-E06F-496F-B09E-82D01D29443B}.Release|Any CPU.Build.0 = Release|Any CPU
		{9E0DEB47-9F72-4843-82B7-D76E7ACF00D2}.Debug|Any CPU.ActiveCfg = Debug|Any CPU
		{9E0DEB47-9F72-4843-82B7-D76E7ACF00D2}.Debug|Any CPU.Build.0 = Debug|Any CPU
		{9E0DEB47-9F72-4843-82B7-D76E7ACF00D2}.Release|Any CPU.ActiveCfg = Release|Any CPU
		{9E0DEB47-9F72-4843-82B7-D76E7ACF00D2}.Release|Any CPU.Build.0 = Release|Any CPU
	EndGlobalSection
	GlobalSection(SolutionProperties) = preSolution
		HideSolutionNode = FALSE
	EndGlobalSection
	GlobalSection(NestedProjects) = preSolution
		{7B03D54C-0C06-4087-A0F4-5C5C8C68D4C9} = {5D3DD6B6-FFCF-4C74-9F88-83D67F4F2F88}
		{A4BB51D2-5DBD-43B5-B434-F214F9631166} = {D2583FAA-A594-45F7-89DB-91D6694C978D}
		{FE4A0126-81BA-4F0C-A682-3BA04F0086C5} = {D2583FAA-A594-45F7-89DB-91D6694C978D}
		{13BD922B-5E8D-4247-AD93-C17D7DF72D92} = {525FE5C0-B976-4439-90D9-6317A78EB6FE}
		{2F8ED4BC-E06F-496F-B09E-82D01D29443B} = {D8D8F50C-61EA-43BF-8A15-BA9FF510A71E}
		{9E0DEB47-9F72-4843-82B7-D76E7ACF00D2} = {D2583FAA-A594-45F7-89DB-91D6694C978D}
	EndGlobalSection
	GlobalSection(ExtensibilityGlobals) = postSolution
		SolutionGuid = {443C7C85-3B81-4ABA-B423-01A570DA0195}
	EndGlobalSection
EndGlobal
