
Microsoft Visual Studio Solution File, Format Version 12.00
# Visual Studio Version 17
VisualStudioVersion = 17.3.32929.385
MinimumVisualStudioVersion = 10.0.40219.1
Project("{FAE04EC0-301F-11D3-BF4B-00C04F79EFBC}") = "ConcurrentQueue", "ConcurrentQueue\ConcurrentQueue.csproj", "{24467D6A-D9A0-447E-8D22-3B43D90A9F77}"
EndProject
Global
	GlobalSection(SolutionConfigurationPlatforms) = preSolution
		Debug|Any CPU = Debug|Any CPU
		Release|Any CPU = Release|Any CPU
	EndGlobalSection
	GlobalSection(ProjectConfigurationPlatforms) = postSolution
		{24467D6A-D9A0-447E-8D22-3B43D90A9F77}.Debug|Any CPU.ActiveCfg = Debug|Any CPU
		{24467D6A-D9A0-447E-8D22-3B43D90A9F77}.Debug|Any CPU.Build.0 = Debug|Any CPU
		{24467D6A-D9A0-447E-8D22-3B43D90A9F77}.Release|Any CPU.ActiveCfg = Release|Any CPU
		{24467D6A-D9A0-447E-8D22-3B43D90A9F77}.Release|Any CPU.Build.0 = Release|Any CPU
	EndGlobalSection
	GlobalSection(SolutionProperties) = preSolution
		HideSolutionNode = FALSE
	EndGlobalSection
	GlobalSection(ExtensibilityGlobals) = postSolution
		SolutionGuid = {D1E7A872-0F46-4568-BA11-FCCA7B09E953}
	EndGlobalSection
EndGlobal
