
Microsoft Visual Studio Solution File, Format Version 12.00
# Visual Studio Version 16
VisualStudioVersion = 16.0.32510.428
MinimumVisualStudioVersion = 10.0.40219.1
Project("{FAE04EC0-301F-11D3-BF4B-00C04F79EFBC}") = "MethodHiding", "MethodHiding.csproj", "{BA54F042-EDFC-4253-A6D9-1AE5F908C9E1}"
EndProject
Global
	GlobalSection(SolutionConfigurationPlatforms) = preSolution
		Debug|Any CPU = Debug|Any CPU
		Release|Any CPU = Release|Any CPU
	EndGlobalSection
	GlobalSection(ProjectConfigurationPlatforms) = postSolution
		{BA54F042-EDFC-4253-A6D9-1AE5F908C9E1}.Debug|Any CPU.ActiveCfg = Debug|Any CPU
		{BA54F042-EDFC-4253-A6D9-1AE5F908C9E1}.Debug|Any CPU.Build.0 = Debug|Any CPU
		{BA54F042-EDFC-4253-A6D9-1AE5F908C9E1}.Release|Any CPU.ActiveCfg = Release|Any CPU
		{BA54F042-EDFC-4253-A6D9-1AE5F908C9E1}.Release|Any CPU.Build.0 = Release|Any CPU
	EndGlobalSection
	GlobalSection(SolutionProperties) = preSolution
		HideSolutionNode = FALSE
	EndGlobalSection
	GlobalSection(ExtensibilityGlobals) = postSolution
		SolutionGuid = {7809D98D-93D3-4F22-850E-3D8580E2BD3B}
	EndGlobalSection
EndGlobal
