
Microsoft Visual Studio Solution File, Format Version 12.00
# Visual Studio Version 17
VisualStudioVersion = 17.3.32929.385
MinimumVisualStudioVersion = 10.0.40219.1
Project("{FAE04EC0-301F-11D3-BF4B-00C04F79EFBC}") = "Stack", "Stack\Stack.csproj", "{424A0BD6-09CE-4C4C-B6B2-FADBE62FD906}"
EndProject
Global
	GlobalSection(SolutionConfigurationPlatforms) = preSolution
		Debug|Any CPU = Debug|Any CPU
		Release|Any CPU = Release|Any CPU
	EndGlobalSection
	GlobalSection(ProjectConfigurationPlatforms) = postSolution
		{424A0BD6-09CE-4C4C-B6B2-FADBE62FD906}.Debug|Any CPU.ActiveCfg = Debug|Any CPU
		{424A0BD6-09CE-4C4C-B6B2-FADBE62FD906}.Debug|Any CPU.Build.0 = Debug|Any CPU
		{424A0BD6-09CE-4C4C-B6B2-FADBE62FD906}.Release|Any CPU.ActiveCfg = Release|Any CPU
		{424A0BD6-09CE-4C4C-B6B2-FADBE62FD906}.Release|Any CPU.Build.0 = Release|Any CPU
	EndGlobalSection
	GlobalSection(SolutionProperties) = preSolution
		HideSolutionNode = FALSE
	EndGlobalSection
	GlobalSection(ExtensibilityGlobals) = postSolution
		SolutionGuid = {943ABBE9-586C-4334-ADB3-AE1F54C06EFB}
	EndGlobalSection
EndGlobal
