
Microsoft Visual Studio Solution File, Format Version 12.00
# Visual Studio 15
VisualStudioVersion = 15.0.28307.2017
MinimumVisualStudioVersion = 10.0.40219.1
Project("{FAE04EC0-301F-11D3-BF4B-00C04F79EFBC}") = "AspnetCoreStudy", "AspnetCoreStudy\AspnetCoreStudy.csproj", "{73A9E05B-46C4-465F-BAA0-C05CC2E9639E}"
EndProject
Global
	GlobalSection(SolutionConfigurationPlatforms) = preSolution
		Debug|Any CPU = Debug|Any CPU
		Release|Any CPU = Release|Any CPU
	EndGlobalSection
	GlobalSection(ProjectConfigurationPlatforms) = postSolution
		{73A9E05B-46C4-465F-BAA0-C05CC2E9639E}.Debug|Any CPU.ActiveCfg = Debug|Any CPU
		{73A9E05B-46C4-465F-BAA0-C05CC2E9639E}.Debug|Any CPU.Build.0 = Debug|Any CPU
		{73A9E05B-46C4-465F-BAA0-C05CC2E9639E}.Release|Any CPU.ActiveCfg = Release|Any CPU
		{73A9E05B-46C4-465F-BAA0-C05CC2E9639E}.Release|Any CPU.Build.0 = Release|Any CPU
	EndGlobalSection
	GlobalSection(SolutionProperties) = preSolution
		HideSolutionNode = FALSE
	EndGlobalSection
	GlobalSection(ExtensibilityGlobals) = postSolution
		SolutionGuid = {CCC89E84-5BDB-431D-A0D5-ACD9CE28D4D7}
	EndGlobalSection
EndGlobal
