
Microsoft Visual Studio Solution File, Format Version 12.00
# Visual Studio Version 17
VisualStudioVersion = 17.3.32929.385
MinimumVisualStudioVersion = 10.0.40219.1
Project("{FAE04EC0-301F-11D3-BF4B-00C04F79EFBC}") = "Threaddd", "Threaddd\Threaddd.csproj", "{C40EE7DA-E564-417C-88EB-0EA3ACFF3A33}"
EndProject
Global
	GlobalSection(SolutionConfigurationPlatforms) = preSolution
		Debug|Any CPU = Debug|Any CPU
		Release|Any CPU = Release|Any CPU
	EndGlobalSection
	GlobalSection(ProjectConfigurationPlatforms) = postSolution
		{C40EE7DA-E564-417C-88EB-0EA3ACFF3A33}.Debug|Any CPU.ActiveCfg = Debug|Any CPU
		{C40EE7DA-E564-417C-88EB-0EA3ACFF3A33}.Debug|Any CPU.Build.0 = Debug|Any CPU
		{C40EE7DA-E564-417C-88EB-0EA3ACFF3A33}.Release|Any CPU.ActiveCfg = Release|Any CPU
		{C40EE7DA-E564-417C-88EB-0EA3ACFF3A33}.Release|Any CPU.Build.0 = Release|Any CPU
	EndGlobalSection
	GlobalSection(SolutionProperties) = preSolution
		HideSolutionNode = FALSE
	EndGlobalSection
	GlobalSection(ExtensibilityGlobals) = postSolution
		SolutionGuid = {AAC1FBD1-DF56-4C6F-936E-458DF3496D42}
	EndGlobalSection
EndGlobal
