
Microsoft Visual Studio Solution File, Format Version 12.00
# Visual Studio 15
VisualStudioVersion = 15.0.28307.2017
MinimumVisualStudioVersion = 10.0.40219.1
Project("{FAE04EC0-301F-11D3-BF4B-00C04F79EFBC}") = "EntityFrameworkCoreStudy", "EntityFrameworkCoreStudy\EntityFrameworkCoreStudy.csproj", "{D9C11F1B-BEE5-48B4-917F-E10D6B747957}"
EndProject
Global
	GlobalSection(SolutionConfigurationPlatforms) = preSolution
		Debug|Any CPU = Debug|Any CPU
		Release|Any CPU = Release|Any CPU
	EndGlobalSection
	GlobalSection(ProjectConfigurationPlatforms) = postSolution
		{D9C11F1B-BEE5-48B4-917F-E10D6B747957}.Debug|Any CPU.ActiveCfg = Debug|Any CPU
		{D9C11F1B-BEE5-48B4-917F-E10D6B747957}.Debug|Any CPU.Build.0 = Debug|Any CPU
		{D9C11F1B-BEE5-48B4-917F-E10D6B747957}.Release|Any CPU.ActiveCfg = Release|Any CPU
		{D9C11F1B-BEE5-48B4-917F-E10D6B747957}.Release|Any CPU.Build.0 = Release|Any CPU
	EndGlobalSection
	GlobalSection(SolutionProperties) = preSolution
		HideSolutionNode = FALSE
	EndGlobalSection
	GlobalSection(ExtensibilityGlobals) = postSolution
		SolutionGuid = {50163D98-96D8-43F7-AD58-EB996392E73F}
	EndGlobalSection
EndGlobal
