
Microsoft Visual Studio Solution File, Format Version 12.00
# Visual Studio Version 16
VisualStudioVersion = 16.0.32510.428
MinimumVisualStudioVersion = 10.0.40219.1
Project("{FAE04EC0-301F-11D3-BF4B-00C04F79EFBC}") = "NestedClass", "NestedClass.csproj", "{218086D0-6221-48CB-BFB4-1ED1AC8D9B60}"
EndProject
Global
	GlobalSection(SolutionConfigurationPlatforms) = preSolution
		Debug|Any CPU = Debug|Any CPU
		Release|Any CPU = Release|Any CPU
	EndGlobalSection
	GlobalSection(ProjectConfigurationPlatforms) = postSolution
		{218086D0-6221-48CB-BFB4-1ED1AC8D9B60}.Debug|Any CPU.ActiveCfg = Debug|Any CPU
		{218086D0-6221-48CB-BFB4-1ED1AC8D9B60}.Debug|Any CPU.Build.0 = Debug|Any CPU
		{218086D0-6221-48CB-BFB4-1ED1AC8D9B60}.Release|Any CPU.ActiveCfg = Release|Any CPU
		{218086D0-6221-48CB-BFB4-1ED1AC8D9B60}.Release|Any CPU.Build.0 = Release|Any CPU
	EndGlobalSection
	GlobalSection(SolutionProperties) = preSolution
		HideSolutionNode = FALSE
	EndGlobalSection
	GlobalSection(ExtensibilityGlobals) = postSolution
		SolutionGuid = {6B4CCD30-53E5-4BCF-9983-F340B1CBBFC3}
	EndGlobalSection
EndGlobal
