
Microsoft Visual Studio Solution File, Format Version 12.00
# Visual Studio Version 16
VisualStudioVersion = 16.0.32510.428
MinimumVisualStudioVersion = 10.0.40219.1
Project("{FAE04EC0-301F-11D3-BF4B-00C04F79EFBC}") = "SimpleLambda", "SimpleLambda.csproj", "{AE6B4C85-5818-45BF-83B0-27EF6B45C84C}"
EndProject
Global
	GlobalSection(SolutionConfigurationPlatforms) = preSolution
		Debug|Any CPU = Debug|Any CPU
		Release|Any CPU = Release|Any CPU
	EndGlobalSection
	GlobalSection(ProjectConfigurationPlatforms) = postSolution
		{AE6B4C85-5818-45BF-83B0-27EF6B45C84C}.Debug|Any CPU.ActiveCfg = Debug|Any CPU
		{AE6B4C85-5818-45BF-83B0-27EF6B45C84C}.Debug|Any CPU.Build.0 = Debug|Any CPU
		{AE6B4C85-5818-45BF-83B0-27EF6B45C84C}.Release|Any CPU.ActiveCfg = Release|Any CPU
		{AE6B4C85-5818-45BF-83B0-27EF6B45C84C}.Release|Any CPU.Build.0 = Release|Any CPU
	EndGlobalSection
	GlobalSection(SolutionProperties) = preSolution
		HideSolutionNode = FALSE
	EndGlobalSection
	GlobalSection(ExtensibilityGlobals) = postSolution
		SolutionGuid = {83692C13-B632-4468-A03B-6E8A72DD901C}
	EndGlobalSection
EndGlobal
