
Microsoft Visual Studio Solution File, Format Version 12.00
# Visual Studio 15
VisualStudioVersion = 15.0.28307.2017
MinimumVisualStudioVersion = 10.0.40219.1
Project("{2150E333-8FDC-42A3-9474-1A3956D46DE8}") = "BusinessLogicLayer", "BusinessLogicLayer", "{2092760A-08CB-4771-8718-FAE07171289F}"
EndProject
Project("{2150E333-8FDC-42A3-9474-1A3956D46DE8}") = "DataAccessLayer", "DataAccessLayer", "{A87C3243-0D15-467C-AA0D-B4C0B37A3E54}"
EndProject
Project("{2150E333-8FDC-42A3-9474-1A3956D46DE8}") = "Common", "Common", "{868E5C29-672E-470B-9F0C-27FAB4D1B5DE}"
EndProject
Project("{2150E333-8FDC-42A3-9474-1A3956D46DE8}") = "PresentationLayer", "PresentationLayer", "{BF4B268E-BFFE-43A6-8491-4F4F9FB9CE82}"
EndProject
Project("{FAE04EC0-301F-11D3-BF4B-00C04F79EFBC}") = "Hello.Model", "Hello.Model\Hello.Model.csproj", "{44FED288-CBF4-45DE-8687-FBC717096677}"
EndProject
Project("{FAE04EC0-301F-11D3-BF4B-00C04F79EFBC}") = "Hello.IDAL", "Hello.IDAL\Hello.IDAL.csproj", "{36E90605-3BCC-4586-B728-DC01814B525F}"
EndProject
Project("{FAE04EC0-301F-11D3-BF4B-00C04F79EFBC}") = "Hello.MSSQL.DAL", "Hello.MSSQL.DAL\Hello.MSSQL.DAL.csproj", "{3D9711B3-93AC-4ECA-A734-D20CAD63F94D}"
EndProject
Project("{FAE04EC0-301F-11D3-BF4B-00C04F79EFBC}") = "Hello.Oracle.DAL", "Hello.Oracle.DAL\Hello.Oracle.DAL.csproj", "{A6EBA0E0-804F-4DFE-9895-0DAB711D7EA4}"
EndProject
Project("{FAE04EC0-301F-11D3-BF4B-00C04F79EFBC}") = "Hello.MVC6", "Hello.MVC6\Hello.MVC6.csproj", "{7B02BFB3-BD58-4062-82FE-340C9A0D9D1F}"
EndProject
Project("{FAE04EC0-301F-11D3-BF4B-00C04F79EFBC}") = "Hello.BLL", "Hello.BLL\Hello.BLL.csproj", "{177E16F7-2293-4AF5-9427-264FC82FAB4D}"
EndProject
Global
	GlobalSection(SolutionConfigurationPlatforms) = preSolution
		Debug|Any CPU = Debug|Any CPU
		Release|Any CPU = Release|Any CPU
	EndGlobalSection
	GlobalSection(ProjectConfigurationPlatforms) = postSolution
		{44FED288-CBF4-45DE-8687-FBC717096677}.Debug|Any CPU.ActiveCfg = Debug|Any CPU
		{44FED288-CBF4-45DE-8687-FBC717096677}.Debug|Any CPU.Build.0 = Debug|Any CPU
		{44FED288-CBF4-45DE-8687-FBC717096677}.Release|Any CPU.ActiveCfg = Release|Any CPU
		{44FED288-CBF4-45DE-8687-FBC717096677}.Release|Any CPU.Build.0 = Release|Any CPU
		{36E90605-3BCC-4586-B728-DC01814B525F}.Debug|Any CPU.ActiveCfg = Debug|Any CPU
		{36E90605-3BCC-4586-B728-DC01814B525F}.Debug|Any CPU.Build.0 = Debug|Any CPU
		{36E90605-3BCC-4586-B728-DC01814B525F}.Release|Any CPU.ActiveCfg = Release|Any CPU
		{36E90605-3BCC-4586-B728-DC01814B525F}.Release|Any CPU.Build.0 = Release|Any CPU
		{3D9711B3-93AC-4ECA-A734-D20CAD63F94D}.Debug|Any CPU.ActiveCfg = Debug|Any CPU
		{3D9711B3-93AC-4ECA-A734-D20CAD63F94D}.Debug|Any CPU.Build.0 = Debug|Any CPU
		{3D9711B3-93AC-4ECA-A734-D20CAD63F94D}.Release|Any CPU.ActiveCfg = Release|Any CPU
		{3D9711B3-93AC-4ECA-A734-D20CAD63F94D}.Release|Any CPU.Build.0 = Release|Any CPU
		{A6EBA0E0-804F-4DFE-9895-0DAB711D7EA4}.Debug|Any CPU.ActiveCfg = Debug|Any CPU
		{A6EBA0E0-804F-4DFE-9895-0DAB711D7EA4}.Debug|Any CPU.Build.0 = Debug|Any CPU
		{A6EBA0E0-804F-4DFE-9895-0DAB711D7EA4}.Release|Any CPU.ActiveCfg = Release|Any CPU
		{A6EBA0E0-804F-4DFE-9895-0DAB711D7EA4}.Release|Any CPU.Build.0 = Release|Any CPU
		{7B02BFB3-BD58-4062-82FE-340C9A0D9D1F}.Debug|Any CPU.ActiveCfg = Debug|Any CPU
		{7B02BFB3-BD58-4062-82FE-340C9A0D9D1F}.Debug|Any CPU.Build.0 = Debug|Any CPU
		{7B02BFB3-BD58-4062-82FE-340C9A0D9D1F}.Release|Any CPU.ActiveCfg = Release|Any CPU
		{7B02BFB3-BD58-4062-82FE-340C9A0D9D1F}.Release|Any CPU.Build.0 = Release|Any CPU
		{177E16F7-2293-4AF5-9427-264FC82FAB4D}.Debug|Any CPU.ActiveCfg = Debug|Any CPU
		{177E16F7-2293-4AF5-9427-264FC82FAB4D}.Debug|Any CPU.Build.0 = Debug|Any CPU
		{177E16F7-2293-4AF5-9427-264FC82FAB4D}.Release|Any CPU.ActiveCfg = Release|Any CPU
		{177E16F7-2293-4AF5-9427-264FC82FAB4D}.Release|Any CPU.Build.0 = Release|Any CPU
	EndGlobalSection
	GlobalSection(SolutionProperties) = preSolution
		HideSolutionNode = FALSE
	EndGlobalSection
	GlobalSection(NestedProjects) = preSolution
		{44FED288-CBF4-45DE-8687-FBC717096677} = {868E5C29-672E-470B-9F0C-27FAB4D1B5DE}
		{36E90605-3BCC-4586-B728-DC01814B525F} = {A87C3243-0D15-467C-AA0D-B4C0B37A3E54}
		{3D9711B3-93AC-4ECA-A734-D20CAD63F94D} = {A87C3243-0D15-467C-AA0D-B4C0B37A3E54}
		{A6EBA0E0-804F-4DFE-9895-0DAB711D7EA4} = {A87C3243-0D15-467C-AA0D-B4C0B37A3E54}
		{7B02BFB3-BD58-4062-82FE-340C9A0D9D1F} = {BF4B268E-BFFE-43A6-8491-4F4F9FB9CE82}
		{177E16F7-2293-4AF5-9427-264FC82FAB4D} = {2092760A-08CB-4771-8718-FAE07171289F}
	EndGlobalSection
	GlobalSection(ExtensibilityGlobals) = postSolution
		SolutionGuid = {C721E82F-842A-453F-93A0-81B8A10D7B2E}
	EndGlobalSection
EndGlobal
