
Microsoft Visual Studio Solution File, Format Version 12.00
# Visual Studio Version 16
VisualStudioVersion = 16.0.32510.428
MinimumVisualStudioVersion = 10.0.40219.1
Project("{FAE04EC0-301F-11D3-BF4B-00C04F79EFBC}") = "Object", "Object.csproj", "{353473D5-57C8-47E6-A11F-52474A360ACB}"
EndProject
Global
	GlobalSection(SolutionConfigurationPlatforms) = preSolution
		Debug|Any CPU = Debug|Any CPU
		Release|Any CPU = Release|Any CPU
	EndGlobalSection
	GlobalSection(ProjectConfigurationPlatforms) = postSolution
		{353473D5-57C8-47E6-A11F-52474A360ACB}.Debug|Any CPU.ActiveCfg = Debug|Any CPU
		{353473D5-57C8-47E6-A11F-52474A360ACB}.Debug|Any CPU.Build.0 = Debug|Any CPU
		{353473D5-57C8-47E6-A11F-52474A360ACB}.Release|Any CPU.ActiveCfg = Release|Any CPU
		{353473D5-57C8-47E6-A11F-52474A360ACB}.Release|Any CPU.Build.0 = Release|Any CPU
	EndGlobalSection
	GlobalSection(SolutionProperties) = preSolution
		HideSolutionNode = FALSE
	EndGlobalSection
	GlobalSection(ExtensibilityGlobals) = postSolution
		SolutionGuid = {94A3FF79-4AA3-4549-8F8A-37C3231FC97A}
	EndGlobalSection
EndGlobal
