
Microsoft Visual Studio Solution File, Format Version 12.00
# Visual Studio Version 16
VisualStudioVersion = 16.0.32510.428
MinimumVisualStudioVersion = 10.0.40219.1
Project("{FAE04EC0-301F-11D3-BF4B-00C04F79EFBC}") = "PropertiesInInterface", "PropertiesInInterface.csproj", "{4F95D68A-17A6-4C62-9E2A-A7CBDB4A6705}"
EndProject
Global
	GlobalSection(SolutionConfigurationPlatforms) = preSolution
		Debug|Any CPU = Debug|Any CPU
		Release|Any CPU = Release|Any CPU
	EndGlobalSection
	GlobalSection(ProjectConfigurationPlatforms) = postSolution
		{4F95D68A-17A6-4C62-9E2A-A7CBDB4A6705}.Debug|Any CPU.ActiveCfg = Debug|Any CPU
		{4F95D68A-17A6-4C62-9E2A-A7CBDB4A6705}.Debug|Any CPU.Build.0 = Debug|Any CPU
		{4F95D68A-17A6-4C62-9E2A-A7CBDB4A6705}.Release|Any CPU.ActiveCfg = Release|Any CPU
		{4F95D68A-17A6-4C62-9E2A-A7CBDB4A6705}.Release|Any CPU.Build.0 = Release|Any CPU
	EndGlobalSection
	GlobalSection(SolutionProperties) = preSolution
		HideSolutionNode = FALSE
	EndGlobalSection
	GlobalSection(ExtensibilityGlobals) = postSolution
		SolutionGuid = {BD63C7B5-6F60-4EEF-B262-7480B88426D6}
	EndGlobalSection
EndGlobal
