
Microsoft Visual Studio Solution File, Format Version 12.00
# Visual Studio Version 17
VisualStudioVersion = 17.4.33213.308
MinimumVisualStudioVersion = 10.0.40219.1
Project("{FAE04EC0-301F-11D3-BF4B-00C04F79EFBC}") = "CreateLogFile", "CreateLogFile\CreateLogFile.csproj", "{B2F53BC4-2066-4AD8-B6F4-933AC04F9748}"
EndProject
Global
	GlobalSection(SolutionConfigurationPlatforms) = preSolution
		Debug|Any CPU = Debug|Any CPU
		Release|Any CPU = Release|Any CPU
	EndGlobalSection
	GlobalSection(ProjectConfigurationPlatforms) = postSolution
		{B2F53BC4-2066-4AD8-B6F4-933AC04F9748}.Debug|Any CPU.ActiveCfg = Debug|Any CPU
		{B2F53BC4-2066-4AD8-B6F4-933AC04F9748}.Debug|Any CPU.Build.0 = Debug|Any CPU
		{B2F53BC4-2066-4AD8-B6F4-933AC04F9748}.Release|Any CPU.ActiveCfg = Release|Any CPU
		{B2F53BC4-2066-4AD8-B6F4-933AC04F9748}.Release|Any CPU.Build.0 = Release|Any CPU
	EndGlobalSection
	GlobalSection(SolutionProperties) = preSolution
		HideSolutionNode = FALSE
	EndGlobalSection
	GlobalSection(ExtensibilityGlobals) = postSolution
		SolutionGuid = {134AD808-5D8F-4AD6-B3EE-45C356BEE7B5}
	EndGlobalSection
EndGlobal
