
Microsoft Visual Studio Solution File, Format Version 12.00
# Visual Studio Version 16
VisualStudioVersion = 16.0.32510.428
MinimumVisualStudioVersion = 10.0.40219.1
Project("{FAE04EC0-301F-11D3-BF4B-00C04F79EFBC}") = "Delegate", "Delegate.csproj", "{FDF5514E-54D7-4448-86DA-DC12ACA58D1E}"
EndProject
Global
	GlobalSection(SolutionConfigurationPlatforms) = preSolution
		Debug|Any CPU = Debug|Any CPU
		Release|Any CPU = Release|Any CPU
	EndGlobalSection
	GlobalSection(ProjectConfigurationPlatforms) = postSolution
		{FDF5514E-54D7-4448-86DA-DC12ACA58D1E}.Debug|Any CPU.ActiveCfg = Debug|Any CPU
		{FDF5514E-54D7-4448-86DA-DC12ACA58D1E}.Debug|Any CPU.Build.0 = Debug|Any CPU
		{FDF5514E-54D7-4448-86DA-DC12ACA58D1E}.Release|Any CPU.ActiveCfg = Release|Any CPU
		{FDF5514E-54D7-4448-86DA-DC12ACA58D1E}.Release|Any CPU.Build.0 = Release|Any CPU
	EndGlobalSection
	GlobalSection(SolutionProperties) = preSolution
		HideSolutionNode = FALSE
	EndGlobalSection
	GlobalSection(ExtensibilityGlobals) = postSolution
		SolutionGuid = {7B2851CD-78F2-489C-BA66-54D0B83162CE}
	EndGlobalSection
EndGlobal
