
Microsoft Visual Studio Solution File, Format Version 12.00
# Visual Studio Version 17
VisualStudioVersion = 17.4.33213.308
MinimumVisualStudioVersion = 10.0.40219.1
Project("{FAE04EC0-301F-11D3-BF4B-00C04F79EFBC}") = "Queue", "Queue\Queue.csproj", "{167871D5-AF12-4B25-A2BB-B26FEDA653D5}"
EndProject
Global
	GlobalSection(SolutionConfigurationPlatforms) = preSolution
		Debug|Any CPU = Debug|Any CPU
		Release|Any CPU = Release|Any CPU
	EndGlobalSection
	GlobalSection(ProjectConfigurationPlatforms) = postSolution
		{167871D5-AF12-4B25-A2BB-B26FEDA653D5}.Debug|Any CPU.ActiveCfg = Debug|Any CPU
		{167871D5-AF12-4B25-A2BB-B26FEDA653D5}.Debug|Any CPU.Build.0 = Debug|Any CPU
		{167871D5-AF12-4B25-A2BB-B26FEDA653D5}.Release|Any CPU.ActiveCfg = Release|Any CPU
		{167871D5-AF12-4B25-A2BB-B26FEDA653D5}.Release|Any CPU.Build.0 = Release|Any CPU
	EndGlobalSection
	GlobalSection(SolutionProperties) = preSolution
		HideSolutionNode = FALSE
	EndGlobalSection
	GlobalSection(ExtensibilityGlobals) = postSolution
		SolutionGuid = {44659C00-8162-4D35-95C2-E49F406897F6}
	EndGlobalSection
EndGlobal
