
Microsoft Visual Studio Solution File, Format Version 12.00
# Visual Studio 15
VisualStudioVersion = 15.0.28307.2017
MinimumVisualStudioVersion = 10.0.40219.1
Project("{2150E333-8FDC-42A3-9474-1A3956D46DE8}") = "BusinessLogicLayer", "BusinessLogicLayer", "{353B78CA-CE01-4282-95ED-A605C44392BB}"
EndProject
Project("{2150E333-8FDC-42A3-9474-1A3956D46DE8}") = "Common", "Common", "{C39B1FDC-BFDB-4CD8-8BFD-ADB43C273C48}"
EndProject
Project("{2150E333-8FDC-42A3-9474-1A3956D46DE8}") = "DataAccessLayer", "DataAccessLayer", "{C6E2613E-1F9E-455A-B169-C1F26F469355}"
EndProject
Project("{2150E333-8FDC-42A3-9474-1A3956D46DE8}") = "PresentationLayer", "PresentationLayer", "{D3FE1ABA-B8D8-4ACF-9F35-867AAED089B8}"
EndProject
Project("{FAE04EC0-301F-11D3-BF4B-00C04F79EFBC}") = "Hi.Model", "Hi.Model\Hi.Model.csproj", "{68D9F709-82C1-411A-BEDA-B1B0678F0782}"
EndProject
Project("{FAE04EC0-301F-11D3-BF4B-00C04F79EFBC}") = "Hi.IDAL", "Hi.IDAL\Hi.IDAL.csproj", "{1DD33A34-6103-433A-9162-092955021A2B}"
EndProject
Project("{FAE04EC0-301F-11D3-BF4B-00C04F79EFBC}") = "Hi.MSSQL.DAL", "Hi.MSSQL.DAL\Hi.MSSQL.DAL.csproj", "{73F0AF92-EC50-4C84-8822-CA52C6888BE8}"
EndProject
Project("{FAE04EC0-301F-11D3-BF4B-00C04F79EFBC}") = "Hi.Bll", "Hi.Bll\Hi.Bll.csproj", "{3182128F-8A26-44A4-A39E-584E706E2424}"
EndProject
Project("{FAE04EC0-301F-11D3-BF4B-00C04F79EFBC}") = "Hi.MVC5", "Hi.MVC5\Hi.MVC5.csproj", "{88263530-091C-487C-863E-9B101780DC79}"
EndProject
Project("{FAE04EC0-301F-11D3-BF4B-00C04F79EFBC}") = "Hi.Oracle.DAL", "Hi.Oracle.DAL\Hi.Oracle.DAL.csproj", "{DA05F45F-B473-412F-ADD9-5B38E1BD5C35}"
EndProject
Global
	GlobalSection(SolutionConfigurationPlatforms) = preSolution
		Debug|Any CPU = Debug|Any CPU
		Release|Any CPU = Release|Any CPU
	EndGlobalSection
	GlobalSection(ProjectConfigurationPlatforms) = postSolution
		{68D9F709-82C1-411A-BEDA-B1B0678F0782}.Debug|Any CPU.ActiveCfg = Debug|Any CPU
		{68D9F709-82C1-411A-BEDA-B1B0678F0782}.Debug|Any CPU.Build.0 = Debug|Any CPU
		{68D9F709-82C1-411A-BEDA-B1B0678F0782}.Release|Any CPU.ActiveCfg = Release|Any CPU
		{68D9F709-82C1-411A-BEDA-B1B0678F0782}.Release|Any CPU.Build.0 = Release|Any CPU
		{1DD33A34-6103-433A-9162-092955021A2B}.Debug|Any CPU.ActiveCfg = Debug|Any CPU
		{1DD33A34-6103-433A-9162-092955021A2B}.Debug|Any CPU.Build.0 = Debug|Any CPU
		{1DD33A34-6103-433A-9162-092955021A2B}.Release|Any CPU.ActiveCfg = Release|Any CPU
		{1DD33A34-6103-433A-9162-092955021A2B}.Release|Any CPU.Build.0 = Release|Any CPU
		{73F0AF92-EC50-4C84-8822-CA52C6888BE8}.Debug|Any CPU.ActiveCfg = Debug|Any CPU
		{73F0AF92-EC50-4C84-8822-CA52C6888BE8}.Debug|Any CPU.Build.0 = Debug|Any CPU
		{73F0AF92-EC50-4C84-8822-CA52C6888BE8}.Release|Any CPU.ActiveCfg = Release|Any CPU
		{73F0AF92-EC50-4C84-8822-CA52C6888BE8}.Release|Any CPU.Build.0 = Release|Any CPU
		{3182128F-8A26-44A4-A39E-584E706E2424}.Debug|Any CPU.ActiveCfg = Debug|Any CPU
		{3182128F-8A26-44A4-A39E-584E706E2424}.Debug|Any CPU.Build.0 = Debug|Any CPU
		{3182128F-8A26-44A4-A39E-584E706E2424}.Release|Any CPU.ActiveCfg = Release|Any CPU
		{3182128F-8A26-44A4-A39E-584E706E2424}.Release|Any CPU.Build.0 = Release|Any CPU
		{88263530-091C-487C-863E-9B101780DC79}.Debug|Any CPU.ActiveCfg = Debug|Any CPU
		{88263530-091C-487C-863E-9B101780DC79}.Debug|Any CPU.Build.0 = Debug|Any CPU
		{88263530-091C-487C-863E-9B101780DC79}.Release|Any CPU.ActiveCfg = Release|Any CPU
		{88263530-091C-487C-863E-9B101780DC79}.Release|Any CPU.Build.0 = Release|Any CPU
		{DA05F45F-B473-412F-ADD9-5B38E1BD5C35}.Debug|Any CPU.ActiveCfg = Debug|Any CPU
		{DA05F45F-B473-412F-ADD9-5B38E1BD5C35}.Debug|Any CPU.Build.0 = Debug|Any CPU
		{DA05F45F-B473-412F-ADD9-5B38E1BD5C35}.Release|Any CPU.ActiveCfg = Release|Any CPU
		{DA05F45F-B473-412F-ADD9-5B38E1BD5C35}.Release|Any CPU.Build.0 = Release|Any CPU
	EndGlobalSection
	GlobalSection(SolutionProperties) = preSolution
		HideSolutionNode = FALSE
	EndGlobalSection
	GlobalSection(NestedProjects) = preSolution
		{68D9F709-82C1-411A-BEDA-B1B0678F0782} = {C39B1FDC-BFDB-4CD8-8BFD-ADB43C273C48}
		{1DD33A34-6103-433A-9162-092955021A2B} = {C6E2613E-1F9E-455A-B169-C1F26F469355}
		{73F0AF92-EC50-4C84-8822-CA52C6888BE8} = {C6E2613E-1F9E-455A-B169-C1F26F469355}
		{3182128F-8A26-44A4-A39E-584E706E2424} = {353B78CA-CE01-4282-95ED-A605C44392BB}
		{88263530-091C-487C-863E-9B101780DC79} = {D3FE1ABA-B8D8-4ACF-9F35-867AAED089B8}
		{DA05F45F-B473-412F-ADD9-5B38E1BD5C35} = {C6E2613E-1F9E-455A-B169-C1F26F469355}
	EndGlobalSection
	GlobalSection(ExtensibilityGlobals) = postSolution
		SolutionGuid = {8E0DE40D-220C-4B5B-BE19-512E7477B70C}
	EndGlobalSection
EndGlobal
