
Microsoft Visual Studio Solution File, Format Version 12.00
# Visual Studio Version 17
VisualStudioVersion = 17.3.32929.385
MinimumVisualStudioVersion = 10.0.40219.1
Project("{FAE04EC0-301F-11D3-BF4B-00C04F79EFBC}") = "FileStream", "FileStream\FileStream.csproj", "{1AED8A91-C524-4385-B7C4-DB2250905453}"
EndProject
Global
	GlobalSection(SolutionConfigurationPlatforms) = preSolution
		Debug|Any CPU = Debug|Any CPU
		Release|Any CPU = Release|Any CPU
	EndGlobalSection
	GlobalSection(ProjectConfigurationPlatforms) = postSolution
		{1AED8A91-C524-4385-B7C4-DB2250905453}.Debug|Any CPU.ActiveCfg = Debug|Any CPU
		{1AED8A91-C524-4385-B7C4-DB2250905453}.Debug|Any CPU.Build.0 = Debug|Any CPU
		{1AED8A91-C524-4385-B7C4-DB2250905453}.Release|Any CPU.ActiveCfg = Release|Any CPU
		{1AED8A91-C524-4385-B7C4-DB2250905453}.Release|Any CPU.Build.0 = Release|Any CPU
	EndGlobalSection
	GlobalSection(SolutionProperties) = preSolution
		HideSolutionNode = FALSE
	EndGlobalSection
	GlobalSection(ExtensibilityGlobals) = postSolution
		SolutionGuid = {11D3A746-8200-4A5A-8C5F-05BC1E5FBF89}
	EndGlobalSection
EndGlobal
