
Microsoft Visual Studio Solution File, Format Version 12.00
# Visual Studio 15
VisualStudioVersion = 15.0.28307.2017
MinimumVisualStudioVersion = 10.0.40219.1
Project("{FAE04EC0-301F-11D3-BF4B-00C04F79EFBC}") = "WebApplication1", "WebApplication1\WebApplication1.csproj", "{5FBBCEED-9604-4421-8582-33F1BECA8CC1}"
EndProject
Global
	GlobalSection(SolutionConfigurationPlatforms) = preSolution
		Debug|Any CPU = Debug|Any CPU
		Release|Any CPU = Release|Any CPU
	EndGlobalSection
	GlobalSection(ProjectConfigurationPlatforms) = postSolution
		{5FBBCEED-9604-4421-8582-33F1BECA8CC1}.Debug|Any CPU.ActiveCfg = Debug|Any CPU
		{5FBBCEED-9604-4421-8582-33F1BECA8CC1}.Debug|Any CPU.Build.0 = Debug|Any CPU
		{5FBBCEED-9604-4421-8582-33F1BECA8CC1}.Release|Any CPU.ActiveCfg = Release|Any CPU
		{5FBBCEED-9604-4421-8582-33F1BECA8CC1}.Release|Any CPU.Build.0 = Release|Any CPU
	EndGlobalSection
	GlobalSection(SolutionProperties) = preSolution
		HideSolutionNode = FALSE
	EndGlobalSection
	GlobalSection(ExtensibilityGlobals) = postSolution
		SolutionGuid = {6002C47A-E7B6-4327-A1B3-F8E80B2C31E7}
	EndGlobalSection
EndGlobal
