
Microsoft Visual Studio Solution File, Format Version 12.00
# Visual Studio Version 17
VisualStudioVersion = 17.3.32929.385
MinimumVisualStudioVersion = 10.0.40219.1
Project("{FAE04EC0-301F-11D3-BF4B-00C04F79EFBC}") = "Linq_PercentUpdate", "Linq_PercentUpdate\Linq_PercentUpdate.csproj", "{CA8619F3-20C0-4CB2-AF06-19E8AD792BF4}"
EndProject
Global
	GlobalSection(SolutionConfigurationPlatforms) = preSolution
		Debug|Any CPU = Debug|Any CPU
		Release|Any CPU = Release|Any CPU
	EndGlobalSection
	GlobalSection(ProjectConfigurationPlatforms) = postSolution
		{CA8619F3-20C0-4CB2-AF06-19E8AD792BF4}.Debug|Any CPU.ActiveCfg = Debug|Any CPU
		{CA8619F3-20C0-4CB2-AF06-19E8AD792BF4}.Debug|Any CPU.Build.0 = Debug|Any CPU
		{CA8619F3-20C0-4CB2-AF06-19E8AD792BF4}.Release|Any CPU.ActiveCfg = Release|Any CPU
		{CA8619F3-20C0-4CB2-AF06-19E8AD792BF4}.Release|Any CPU.Build.0 = Release|Any CPU
	EndGlobalSection
	GlobalSection(SolutionProperties) = preSolution
		HideSolutionNode = FALSE
	EndGlobalSection
	GlobalSection(ExtensibilityGlobals) = postSolution
		SolutionGuid = {1141A301-7B17-4A5B-ADE2-39FFAEB3C2B8}
	EndGlobalSection
EndGlobal
