
Microsoft Visual Studio Solution File, Format Version 12.00
# Visual Studio Version 16
VisualStudioVersion = 16.0.32510.428
MinimumVisualStudioVersion = 10.0.40219.1
Project("{FAE04EC0-301F-11D3-BF4B-00C04F79EFBC}") = "FuncTest", "FuncTest.csproj", "{56BE4E2E-0C42-4A38-87FA-CC0829E2C8A9}"
EndProject
Global
	GlobalSection(SolutionConfigurationPlatforms) = preSolution
		Debug|Any CPU = Debug|Any CPU
		Release|Any CPU = Release|Any CPU
	EndGlobalSection
	GlobalSection(ProjectConfigurationPlatforms) = postSolution
		{56BE4E2E-0C42-4A38-87FA-CC0829E2C8A9}.Debug|Any CPU.ActiveCfg = Debug|Any CPU
		{56BE4E2E-0C42-4A38-87FA-CC0829E2C8A9}.Debug|Any CPU.Build.0 = Debug|Any CPU
		{56BE4E2E-0C42-4A38-87FA-CC0829E2C8A9}.Release|Any CPU.ActiveCfg = Release|Any CPU
		{56BE4E2E-0C42-4A38-87FA-CC0829E2C8A9}.Release|Any CPU.Build.0 = Release|Any CPU
	EndGlobalSection
	GlobalSection(SolutionProperties) = preSolution
		HideSolutionNode = FALSE
	EndGlobalSection
	GlobalSection(ExtensibilityGlobals) = postSolution
		SolutionGuid = {D5922A6C-474B-45AD-97AC-48E2AE2A84EE}
	EndGlobalSection
EndGlobal
