
Microsoft Visual Studio Solution File, Format Version 12.00
# Visual Studio Version 17
VisualStudioVersion = 17.4.33213.308
MinimumVisualStudioVersion = 10.0.40219.1
Project("{FAE04EC0-301F-11D3-BF4B-00C04F79EFBC}") = "PacketCapture", "PacketCapture\PacketCapture.csproj", "{AF594158-937B-4977-BA04-F39F8322CBFB}"
EndProject
Global
	GlobalSection(SolutionConfigurationPlatforms) = preSolution
		Debug|Any CPU = Debug|Any CPU
		Release|Any CPU = Release|Any CPU
	EndGlobalSection
	GlobalSection(ProjectConfigurationPlatforms) = postSolution
		{AF594158-937B-4977-BA04-F39F8322CBFB}.Debug|Any CPU.ActiveCfg = Debug|Any CPU
		{AF594158-937B-4977-BA04-F39F8322CBFB}.Debug|Any CPU.Build.0 = Debug|Any CPU
		{AF594158-937B-4977-BA04-F39F8322CBFB}.Release|Any CPU.ActiveCfg = Release|Any CPU
		{AF594158-937B-4977-BA04-F39F8322CBFB}.Release|Any CPU.Build.0 = Release|Any CPU
	EndGlobalSection
	GlobalSection(SolutionProperties) = preSolution
		HideSolutionNode = FALSE
	EndGlobalSection
	GlobalSection(ExtensibilityGlobals) = postSolution
		SolutionGuid = {4FFA59EE-44B9-4880-A48A-B7973879A548}
	EndGlobalSection
EndGlobal
