
Microsoft Visual Studio Solution File, Format Version 12.00
# Visual Studio Version 17
VisualStudioVersion = 17.3.32929.385
MinimumVisualStudioVersion = 10.0.40219.1
Project("{FAE04EC0-301F-11D3-BF4B-00C04F79EFBC}") = "Process", "Process\Process.csproj", "{F3715791-C07C-46F9-B53A-C5A038428490}"
EndProject
Global
	GlobalSection(SolutionConfigurationPlatforms) = preSolution
		Debug|Any CPU = Debug|Any CPU
		Release|Any CPU = Release|Any CPU
	EndGlobalSection
	GlobalSection(ProjectConfigurationPlatforms) = postSolution
		{F3715791-C07C-46F9-B53A-C5A038428490}.Debug|Any CPU.ActiveCfg = Debug|Any CPU
		{F3715791-C07C-46F9-B53A-C5A038428490}.Debug|Any CPU.Build.0 = Debug|Any CPU
		{F3715791-C07C-46F9-B53A-C5A038428490}.Release|Any CPU.ActiveCfg = Release|Any CPU
		{F3715791-C07C-46F9-B53A-C5A038428490}.Release|Any CPU.Build.0 = Release|Any CPU
	EndGlobalSection
	GlobalSection(SolutionProperties) = preSolution
		HideSolutionNode = FALSE
	EndGlobalSection
	GlobalSection(ExtensibilityGlobals) = postSolution
		SolutionGuid = {D088D143-87B6-4D37-8055-CBD62CC9E9EC}
	EndGlobalSection
EndGlobal
