
Microsoft Visual Studio Solution File, Format Version 12.00
# Visual Studio Version 17
VisualStudioVersion = 17.2.32630.192
MinimumVisualStudioVersion = 10.0.40219.1
Project("{FAE04EC0-301F-11D3-BF4B-00C04F79EFBC}") = "From", "From\From.csproj", "{D47E8287-CC60-4EF1-808E-76FC637BA8F0}"
EndProject
Global
	GlobalSection(SolutionConfigurationPlatforms) = preSolution
		Debug|Any CPU = Debug|Any CPU
		Release|Any CPU = Release|Any CPU
	EndGlobalSection
	GlobalSection(ProjectConfigurationPlatforms) = postSolution
		{D47E8287-CC60-4EF1-808E-76FC637BA8F0}.Debug|Any CPU.ActiveCfg = Debug|Any CPU
		{D47E8287-CC60-4EF1-808E-76FC637BA8F0}.Debug|Any CPU.Build.0 = Debug|Any CPU
		{D47E8287-CC60-4EF1-808E-76FC637BA8F0}.Release|Any CPU.ActiveCfg = Release|Any CPU
		{D47E8287-CC60-4EF1-808E-76FC637BA8F0}.Release|Any CPU.Build.0 = Release|Any CPU
	EndGlobalSection
	GlobalSection(SolutionProperties) = preSolution
		HideSolutionNode = FALSE
	EndGlobalSection
	GlobalSection(ExtensibilityGlobals) = postSolution
		SolutionGuid = {AB02CD32-42E2-455D-B8F7-489FA1F6EB8C}
	EndGlobalSection
EndGlobal
