
Microsoft Visual Studio Solution File, Format Version 12.00
# Visual Studio Version 17
VisualStudioVersion = 17.3.32929.385
MinimumVisualStudioVersion = 10.0.40219.1
Project("{FAE04EC0-301F-11D3-BF4B-00C04F79EFBC}") = "BinarySearchTree", "BinarySeachTree\BinarySearchTree.csproj", "{53FB0181-E295-4832-B970-42C6D02BDDB2}"
EndProject
Global
	GlobalSection(SolutionConfigurationPlatforms) = preSolution
		Debug|Any CPU = Debug|Any CPU
		Release|Any CPU = Release|Any CPU
	EndGlobalSection
	GlobalSection(ProjectConfigurationPlatforms) = postSolution
		{53FB0181-E295-4832-B970-42C6D02BDDB2}.Debug|Any CPU.ActiveCfg = Debug|Any CPU
		{53FB0181-E295-4832-B970-42C6D02BDDB2}.Debug|Any CPU.Build.0 = Debug|Any CPU
		{53FB0181-E295-4832-B970-42C6D02BDDB2}.Release|Any CPU.ActiveCfg = Release|Any CPU
		{53FB0181-E295-4832-B970-42C6D02BDDB2}.Release|Any CPU.Build.0 = Release|Any CPU
	EndGlobalSection
	GlobalSection(SolutionProperties) = preSolution
		HideSolutionNode = FALSE
	EndGlobalSection
	GlobalSection(ExtensibilityGlobals) = postSolution
		SolutionGuid = {46FA3DF7-DC59-400D-91E8-6E5D060A9377}
	EndGlobalSection
EndGlobal
