
Microsoft Visual Studio Solution File, Format Version 12.00
# Visual Studio Version 16
VisualStudioVersion = 16.0.33214.272
MinimumVisualStudioVersion = 10.0.40219.1
Project("{FAE04EC0-301F-11D3-BF4B-00C04F79EFBC}") = "RenewalError", "RenewalError\RenewalError.csproj", "{F6813113-877B-430F-B4CE-05FD6155C347}"
EndProject
Global
	GlobalSection(SolutionConfigurationPlatforms) = preSolution
		Debug|Any CPU = Debug|Any CPU
		Release|Any CPU = Release|Any CPU
	EndGlobalSection
	GlobalSection(ProjectConfigurationPlatforms) = postSolution
		{F6813113-877B-430F-B4CE-05FD6155C347}.Debug|Any CPU.ActiveCfg = Debug|Any CPU
		{F6813113-877B-430F-B4CE-05FD6155C347}.Debug|Any CPU.Build.0 = Debug|Any CPU
		{F6813113-877B-430F-B4CE-05FD6155C347}.Release|Any CPU.ActiveCfg = Release|Any CPU
		{F6813113-877B-430F-B4CE-05FD6155C347}.Release|Any CPU.Build.0 = Release|Any CPU
	EndGlobalSection
	GlobalSection(SolutionProperties) = preSolution
		HideSolutionNode = FALSE
	EndGlobalSection
	GlobalSection(ExtensibilityGlobals) = postSolution
		SolutionGuid = {F31568AA-194E-4ACC-90F1-7A519E96CCF7}
	EndGlobalSection
EndGlobal
