
Microsoft Visual Studio Solution File, Format Version 12.00
# Visual Studio Version 16
VisualStudioVersion = 16.0.34301.259
MinimumVisualStudioVersion = 10.0.40219.1
Project("{FAE04EC0-301F-11D3-BF4B-00C04F79EFBC}") = "MainFunction", "MainFunction.csproj", "{DFE28420-DEC3-4A4C-8BDC-7E38DDC91592}"
EndProject
Project("{FAE04EC0-301F-11D3-BF4B-00C04F79EFBC}") = "EAI_Auto_Script", "..\EAI_Auto_Script\EAI_Auto_Script.csproj", "{79122C2E-68AE-49C7-BB5E-4CC7B2584359}"
EndProject
Global
	GlobalSection(SolutionConfigurationPlatforms) = preSolution
		Debug|Any CPU = Debug|Any CPU
		Release|Any CPU = Release|Any CPU
	EndGlobalSection
	GlobalSection(ProjectConfigurationPlatforms) = postSolution
		{DFE28420-DEC3-4A4C-8BDC-7E38DDC91592}.Debug|Any CPU.ActiveCfg = Debug|Any CPU
		{DFE28420-DEC3-4A4C-8BDC-7E38DDC91592}.Debug|Any CPU.Build.0 = Debug|Any CPU
		{DFE28420-DEC3-4A4C-8BDC-7E38DDC91592}.Release|Any CPU.ActiveCfg = Release|Any CPU
		{DFE28420-DEC3-4A4C-8BDC-7E38DDC91592}.Release|Any CPU.Build.0 = Release|Any CPU
		{79122C2E-68AE-49C7-BB5E-4CC7B2584359}.Debug|Any CPU.ActiveCfg = Debug|Any CPU
		{79122C2E-68AE-49C7-BB5E-4CC7B2584359}.Debug|Any CPU.Build.0 = Debug|Any CPU
		{79122C2E-68AE-49C7-BB5E-4CC7B2584359}.Release|Any CPU.ActiveCfg = Release|Any CPU
		{79122C2E-68AE-49C7-BB5E-4CC7B2584359}.Release|Any CPU.Build.0 = Release|Any CPU
	EndGlobalSection
	GlobalSection(SolutionProperties) = preSolution
		HideSolutionNode = FALSE
	EndGlobalSection
	GlobalSection(ExtensibilityGlobals) = postSolution
		SolutionGuid = {415BF531-DD02-489F-A9BC-595F67998A80}
	EndGlobalSection
EndGlobal
