
Microsoft Visual Studio Solution File, Format Version 12.00
# Visual Studio Version 17
VisualStudioVersion = 17.4.33213.308
MinimumVisualStudioVersion = 10.0.40219.1
Project("{FAE04EC0-301F-11D3-BF4B-00C04F79EFBC}") = "SNTP Example", "SNTP Example\SNTP Example.csproj", "{166FAA83-03DC-4EC0-9117-720106CF50CC}"
EndProject
Global
	GlobalSection(SolutionConfigurationPlatforms) = preSolution
		Debug|Any CPU = Debug|Any CPU
		Release|Any CPU = Release|Any CPU
	EndGlobalSection
	GlobalSection(ProjectConfigurationPlatforms) = postSolution
		{166FAA83-03DC-4EC0-9117-720106CF50CC}.Debug|Any CPU.ActiveCfg = Debug|Any CPU
		{166FAA83-03DC-4EC0-9117-720106CF50CC}.Debug|Any CPU.Build.0 = Debug|Any CPU
		{166FAA83-03DC-4EC0-9117-720106CF50CC}.Release|Any CPU.ActiveCfg = Release|Any CPU
		{166FAA83-03DC-4EC0-9117-720106CF50CC}.Release|Any CPU.Build.0 = Release|Any CPU
	EndGlobalSection
	GlobalSection(SolutionProperties) = preSolution
		HideSolutionNode = FALSE
	EndGlobalSection
	GlobalSection(ExtensibilityGlobals) = postSolution
		SolutionGuid = {08D8142C-1B6D-4411-B328-2A98ED4418C1}
	EndGlobalSection
EndGlobal
