
Microsoft Visual Studio Solution File, Format Version 12.00
# Visual Studio Version 16
VisualStudioVersion = 16.0.32510.428
MinimumVisualStudioVersion = 10.0.40219.1
Project("{FAE04EC0-301F-11D3-BF4B-00C04F79EFBC}") = "Generic", "Generic.csproj", "{14CB3D9B-469E-4EB0-9010-6EDB8FC405E4}"
EndProject
Global
	GlobalSection(SolutionConfigurationPlatforms) = preSolution
		Debug|Any CPU = Debug|Any CPU
		Release|Any CPU = Release|Any CPU
	EndGlobalSection
	GlobalSection(ProjectConfigurationPlatforms) = postSolution
		{14CB3D9B-469E-4EB0-9010-6EDB8FC405E4}.Debug|Any CPU.ActiveCfg = Debug|Any CPU
		{14CB3D9B-469E-4EB0-9010-6EDB8FC405E4}.Debug|Any CPU.Build.0 = Debug|Any CPU
		{14CB3D9B-469E-4EB0-9010-6EDB8FC405E4}.Release|Any CPU.ActiveCfg = Release|Any CPU
		{14CB3D9B-469E-4EB0-9010-6EDB8FC405E4}.Release|Any CPU.Build.0 = Release|Any CPU
	EndGlobalSection
	GlobalSection(SolutionProperties) = preSolution
		HideSolutionNode = FALSE
	EndGlobalSection
	GlobalSection(ExtensibilityGlobals) = postSolution
		SolutionGuid = {568DAB32-85BF-4A47-B27D-E7A434AA21EB}
	EndGlobalSection
EndGlobal
