
Microsoft Visual Studio Solution File, Format Version 12.00
# Visual Studio Version 17
VisualStudioVersion = 17.3.32929.385
MinimumVisualStudioVersion = 10.0.40219.1
Project("{FAE04EC0-301F-11D3-BF4B-00C04F79EFBC}") = "FileStream_SclParesr", "FileStream_SclParesr\FileStream_SclParesr.csproj", "{AB928B51-FA60-4AE0-AD7E-6203ED917D9F}"
EndProject
Global
	GlobalSection(SolutionConfigurationPlatforms) = preSolution
		Debug|Any CPU = Debug|Any CPU
		Release|Any CPU = Release|Any CPU
	EndGlobalSection
	GlobalSection(ProjectConfigurationPlatforms) = postSolution
		{AB928B51-FA60-4AE0-AD7E-6203ED917D9F}.Debug|Any CPU.ActiveCfg = Debug|Any CPU
		{AB928B51-FA60-4AE0-AD7E-6203ED917D9F}.Debug|Any CPU.Build.0 = Debug|Any CPU
		{AB928B51-FA60-4AE0-AD7E-6203ED917D9F}.Release|Any CPU.ActiveCfg = Release|Any CPU
		{AB928B51-FA60-4AE0-AD7E-6203ED917D9F}.Release|Any CPU.Build.0 = Release|Any CPU
	EndGlobalSection
	GlobalSection(SolutionProperties) = preSolution
		HideSolutionNode = FALSE
	EndGlobalSection
	GlobalSection(ExtensibilityGlobals) = postSolution
		SolutionGuid = {E4A5DD39-B17D-4E40-9919-D83AFDE81C47}
	EndGlobalSection
EndGlobal
