
Microsoft Visual Studio Solution File, Format Version 12.00
# Visual Studio 15
VisualStudioVersion = 15.0.28307.2017
MinimumVisualStudioVersion = 10.0.40219.1
Project("{FAE04EC0-301F-11D3-BF4B-00C04F79EFBC}") = "Async", "Async\Async.csproj", "{02651810-3BA4-41FB-9887-DF88C7A71B83}"
EndProject
Global
	GlobalSection(SolutionConfigurationPlatforms) = preSolution
		Debug|Any CPU = Debug|Any CPU
		Release|Any CPU = Release|Any CPU
	EndGlobalSection
	GlobalSection(ProjectConfigurationPlatforms) = postSolution
		{02651810-3BA4-41FB-9887-DF88C7A71B83}.Debug|Any CPU.ActiveCfg = Debug|Any CPU
		{02651810-3BA4-41FB-9887-DF88C7A71B83}.Debug|Any CPU.Build.0 = Debug|Any CPU
		{02651810-3BA4-41FB-9887-DF88C7A71B83}.Release|Any CPU.ActiveCfg = Release|Any CPU
		{02651810-3BA4-41FB-9887-DF88C7A71B83}.Release|Any CPU.Build.0 = Release|Any CPU
	EndGlobalSection
	GlobalSection(SolutionProperties) = preSolution
		HideSolutionNode = FALSE
	EndGlobalSection
	GlobalSection(ExtensibilityGlobals) = postSolution
		SolutionGuid = {D6ACF784-9192-4069-816B-2B2A916AC2A1}
	EndGlobalSection
EndGlobal
