
Microsoft Visual Studio Solution File, Format Version 12.00
# Visual Studio 15
VisualStudioVersion = 15.0.28307.2017
MinimumVisualStudioVersion = 10.0.40219.1
Project("{FAE04EC0-301F-11D3-BF4B-00C04F79EFBC}") = "UsingTask", "UsingTask\UsingTask.csproj", "{7CFB8055-119E-45F6-B284-B3604A018997}"
EndProject
Global
	GlobalSection(SolutionConfigurationPlatforms) = preSolution
		Debug|Any CPU = Debug|Any CPU
		Release|Any CPU = Release|Any CPU
	EndGlobalSection
	GlobalSection(ProjectConfigurationPlatforms) = postSolution
		{7CFB8055-119E-45F6-B284-B3604A018997}.Debug|Any CPU.ActiveCfg = Debug|Any CPU
		{7CFB8055-119E-45F6-B284-B3604A018997}.Debug|Any CPU.Build.0 = Debug|Any CPU
		{7CFB8055-119E-45F6-B284-B3604A018997}.Release|Any CPU.ActiveCfg = Release|Any CPU
		{7CFB8055-119E-45F6-B284-B3604A018997}.Release|Any CPU.Build.0 = Release|Any CPU
	EndGlobalSection
	GlobalSection(SolutionProperties) = preSolution
		HideSolutionNode = FALSE
	EndGlobalSection
	GlobalSection(ExtensibilityGlobals) = postSolution
		SolutionGuid = {79D80305-3D01-46B6-8878-29A1E239303C}
	EndGlobalSection
EndGlobal
