
Microsoft Visual Studio Solution File, Format Version 12.00
# Visual Studio Version 16
VisualStudioVersion = 16.0.32510.428
MinimumVisualStudioVersion = 10.0.40219.1
Project("{FAE04EC0-301F-11D3-BF4B-00C04F79EFBC}") = "AnonymousType", "AnonymousType.csproj", "{6826F6B2-EE36-4F6C-BB11-3249D960E75D}"
EndProject
Global
	GlobalSection(SolutionConfigurationPlatforms) = preSolution
		Debug|Any CPU = Debug|Any CPU
		Release|Any CPU = Release|Any CPU
	EndGlobalSection
	GlobalSection(ProjectConfigurationPlatforms) = postSolution
		{6826F6B2-EE36-4F6C-BB11-3249D960E75D}.Debug|Any CPU.ActiveCfg = Debug|Any CPU
		{6826F6B2-EE36-4F6C-BB11-3249D960E75D}.Debug|Any CPU.Build.0 = Debug|Any CPU
		{6826F6B2-EE36-4F6C-BB11-3249D960E75D}.Release|Any CPU.ActiveCfg = Release|Any CPU
		{6826F6B2-EE36-4F6C-BB11-3249D960E75D}.Release|Any CPU.Build.0 = Release|Any CPU
	EndGlobalSection
	GlobalSection(SolutionProperties) = preSolution
		HideSolutionNode = FALSE
	EndGlobalSection
	GlobalSection(ExtensibilityGlobals) = postSolution
		SolutionGuid = {F57D119D-2F34-44E2-B1B5-7D527155901C}
	EndGlobalSection
EndGlobal
