
Microsoft Visual Studio Solution File, Format Version 12.00
# Visual Studio Version 16
VisualStudioVersion = 16.0.32510.428
MinimumVisualStudioVersion = 10.0.40219.1
Project("{FAE04EC0-301F-11D3-BF4B-00C04F79EFBC}") = "UsingParams", "UsingParams.csproj", "{D7847B38-A32F-47C3-A286-2317322E8C19}"
EndProject
Global
	GlobalSection(SolutionConfigurationPlatforms) = preSolution
		Debug|Any CPU = Debug|Any CPU
		Release|Any CPU = Release|Any CPU
	EndGlobalSection
	GlobalSection(ProjectConfigurationPlatforms) = postSolution
		{D7847B38-A32F-47C3-A286-2317322E8C19}.Debug|Any CPU.ActiveCfg = Debug|Any CPU
		{D7847B38-A32F-47C3-A286-2317322E8C19}.Debug|Any CPU.Build.0 = Debug|Any CPU
		{D7847B38-A32F-47C3-A286-2317322E8C19}.Release|Any CPU.ActiveCfg = Release|Any CPU
		{D7847B38-A32F-47C3-A286-2317322E8C19}.Release|Any CPU.Build.0 = Release|Any CPU
	EndGlobalSection
	GlobalSection(SolutionProperties) = preSolution
		HideSolutionNode = FALSE
	EndGlobalSection
	GlobalSection(ExtensibilityGlobals) = postSolution
		SolutionGuid = {E8D5D80E-C833-4C3F-ADA6-8A51A65DD208}
	EndGlobalSection
EndGlobal
